
Microsoft Visual Studio Solution File, Format Version 12.00
# Visual Studio Version 17
VisualStudioVersion = 17.0.31903.59
MinimumVisualStudioVersion = 10.0.40219.1
Project("{FAE04EC0-301F-11D3-BF4B-00C04F79EFBC}") = "eAppointmentServer.Domain", "eAppointmentServer.Domain\eAppointmentServer.Domain.csproj", "{0293959E-CC7D-4A8D-AB55-09A31DE56070}"
EndProject
Project("{FAE04EC0-301F-11D3-BF4B-00C04F79EFBC}") = "eAppointmentServer.Application", "eAppointmentServer.Application\eAppointmentServer.Application.csproj", "{D1930B3E-DCDF-43A9-BA1D-D815A38DC2A5}"
EndProject
Project("{FAE04EC0-301F-11D3-BF4B-00C04F79EFBC}") = "eAppointmentServer.Infrastructure", "eAppointmentServer.Infrastructure\eAppointmentServer.Infrastructure.csproj", "{A8AAA536-E850-4E2E-B5D1-C6A5186A6A3C}"
EndProject
Project("{FAE04EC0-301F-11D3-BF4B-00C04F79EFBC}") = "eAppointmentServer.WebAPI", "eAppointmentServer.WebAPI\eAppointmentServer.WebAPI.csproj", "{BBA5EDDA-CBFA-4EAC-83EC-96A75D163D84}"
EndProject
Global
	GlobalSection(SolutionConfigurationPlatforms) = preSolution
		Debug|Any CPU = Debug|Any CPU
		Debug|x64 = Debug|x64
		Debug|x86 = Debug|x86
		Release|Any CPU = Release|Any CPU
		Release|x64 = Release|x64
		Release|x86 = Release|x86
	EndGlobalSection
	GlobalSection(ProjectConfigurationPlatforms) = postSolution
		{0293959E-CC7D-4A8D-AB55-09A31DE56070}.Debug|Any CPU.ActiveCfg = Debug|Any CPU
		{0293959E-CC7D-4A8D-AB55-09A31DE56070}.Debug|Any CPU.Build.0 = Debug|Any CPU
		{0293959E-CC7D-4A8D-AB55-09A31DE56070}.Debug|x64.ActiveCfg = Debug|Any CPU
		{0293959E-CC7D-4A8D-AB55-09A31DE56070}.Debug|x64.Build.0 = Debug|Any CPU
		{0293959E-CC7D-4A8D-AB55-09A31DE56070}.Debug|x86.ActiveCfg = Debug|Any CPU
		{0293959E-CC7D-4A8D-AB55-09A31DE56070}.Debug|x86.Build.0 = Debug|Any CPU
		{0293959E-CC7D-4A8D-AB55-09A31DE56070}.Release|Any CPU.ActiveCfg = Release|Any CPU
		{0293959E-CC7D-4A8D-AB55-09A31DE56070}.Release|Any CPU.Build.0 = Release|Any CPU
		{0293959E-CC7D-4A8D-AB55-09A31DE56070}.Release|x64.ActiveCfg = Release|Any CPU
		{0293959E-CC7D-4A8D-AB55-09A31DE56070}.Release|x64.Build.0 = Release|Any CPU
		{0293959E-CC7D-4A8D-AB55-09A31DE56070}.Release|x86.ActiveCfg = Release|Any CPU
		{0293959E-CC7D-4A8D-AB55-09A31DE56070}.Release|x86.Build.0 = Release|Any CPU
		{D1930B3E-DCDF-43A9-BA1D-D815A38DC2A5}.Debug|Any CPU.ActiveCfg = Debug|Any CPU
		{D1930B3E-DCDF-43A9-BA1D-D815A38DC2A5}.Debug|Any CPU.Build.0 = Debug|Any CPU
		{D1930B3E-DCDF-43A9-BA1D-D815A38DC2A5}.Debug|x64.ActiveCfg = Debug|Any CPU
		{D1930B3E-DCDF-43A9-BA1D-D815A38DC2A5}.Debug|x64.Build.0 = Debug|Any CPU
		{D1930B3E-DCDF-43A9-BA1D-D815A38DC2A5}.Debug|x86.ActiveCfg = Debug|Any CPU
		{D1930B3E-DCDF-43A9-BA1D-D815A38DC2A5}.Debug|x86.Build.0 = Debug|Any CPU
		{D1930B3E-DCDF-43A9-BA1D-D815A38DC2A5}.Release|Any CPU.ActiveCfg = Release|Any CPU
		{D1930B3E-DCDF-43A9-BA1D-D815A38DC2A5}.Release|Any CPU.Build.0 = Release|Any CPU
		{D1930B3E-DCDF-43A9-BA1D-D815A38DC2A5}.Release|x64.ActiveCfg = Release|Any CPU
		{D1930B3E-DCDF-43A9-BA1D-D815A38DC2A5}.Release|x64.Build.0 = Release|Any CPU
		{D1930B3E-DCDF-43A9-BA1D-D815A38DC2A5}.Release|x86.ActiveCfg = Release|Any CPU
		{D1930B3E-DCDF-43A9-BA1D-D815A38DC2A5}.Release|x86.Build.0 = Release|Any CPU
		{A8AAA536-E850-4E2E-B5D1-C6A5186A6A3C}.Debug|Any CPU.ActiveCfg = Debug|Any CPU
		{A8AAA536-E850-4E2E-B5D1-C6A5186A6A3C}.Debug|Any CPU.Build.0 = Debug|Any CPU
		{A8AAA536-E850-4E2E-B5D1-C6A5186A6A3C}.Debug|x64.ActiveCfg = Debug|Any CPU
		{A8AAA536-E850-4E2E-B5D1-C6A5186A6A3C}.Debug|x64.Build.0 = Debug|Any CPU
		{A8AAA536-E850-4E2E-B5D1-C6A5186A6A3C}.Debug|x86.ActiveCfg = Debug|Any CPU
		{A8AAA536-E850-4E2E-B5D1-C6A5186A6A3C}.Debug|x86.Build.0 = Debug|Any CPU
		{A8AAA536-E850-4E2E-B5D1-C6A5186A6A3C}.Release|Any CPU.ActiveCfg = Release|Any CPU
		{A8AAA536-E850-4E2E-B5D1-C6A5186A6A3C}.Release|Any CPU.Build.0 = Release|Any CPU
		{A8AAA536-E850-4E2E-B5D1-C6A5186A6A3C}.Release|x64.ActiveCfg = Release|Any CPU
		{A8AAA536-E850-4E2E-B5D1-C6A5186A6A3C}.Release|x64.Build.0 = Release|Any CPU
		{A8AAA536-E850-4E2E-B5D1-C6A5186A6A3C}.Release|x86.ActiveCfg = Release|Any CPU
		{A8AAA536-E850-4E2E-B5D1-C6A5186A6A3C}.Release|x86.Build.0 = Release|Any CPU
		{BBA5EDDA-CBFA-4EAC-83EC-96A75D163D84}.Debug|Any CPU.ActiveCfg = Debug|Any CPU
		{BBA5EDDA-CBFA-4EAC-83EC-96A75D163D84}.Debug|Any CPU.Build.0 = Debug|Any CPU
		{BBA5EDDA-CBFA-4EAC-83EC-96A75D163D84}.Debug|x64.ActiveCfg = Debug|Any CPU
		{BBA5EDDA-CBFA-4EAC-83EC-96A75D163D84}.Debug|x64.Build.0 = Debug|Any CPU
		{BBA5EDDA-CBFA-4EAC-83EC-96A75D163D84}.Debug|x86.ActiveCfg = Debug|Any CPU
		{BBA5EDDA-CBFA-4EAC-83EC-96A75D163D84}.Debug|x86.Build.0 = Debug|Any CPU
		{BBA5EDDA-CBFA-4EAC-83EC-96A75D163D84}.Release|Any CPU.ActiveCfg = Release|Any CPU
		{BBA5EDDA-CBFA-4EAC-83EC-96A75D163D84}.Release|Any CPU.Build.0 = Release|Any CPU
		{BBA5EDDA-CBFA-4EAC-83EC-96A75D163D84}.Release|x64.ActiveCfg = Release|Any CPU
		{BBA5EDDA-CBFA-4EAC-83EC-96A75D163D84}.Release|x64.Build.0 = Release|Any CPU
		{BBA5EDDA-CBFA-4EAC-83EC-96A75D163D84}.Release|x86.ActiveCfg = Release|Any CPU
		{BBA5EDDA-CBFA-4EAC-83EC-96A75D163D84}.Release|x86.Build.0 = Release|Any CPU
	EndGlobalSection
	GlobalSection(SolutionProperties) = preSolution
		HideSolutionNode = FALSE
	EndGlobalSection
EndGlobal
